// !$*UTF8*$!
{
	archiveVersion = 1;
	classes = {
	};
	objectVersion = 50;
	objects = {

/* Begin PBXBuildFile section */
		EA7B737F22E1020700117D2F /* AppDelegate.swift in Sources */ = {isa = PBXBuildFile; fileRef = EA7B737E22E1020700117D2F /* AppDelegate.swift */; };
		EA7B738122E1020700117D2F /* MovieListViewController.swift in Sources */ = {isa = PBXBuildFile; fileRef = EA7B738022E1020700117D2F /* MovieListViewController.swift */; };
		EA7B738322E1020700117D2F /* MovieDetailViewController.swift in Sources */ = {isa = PBXBuildFile; fileRef = EA7B738222E1020700117D2F /* MovieDetailViewController.swift */; };
		EA7B738622E1020700117D2F /* Main.storyboard in Resources */ = {isa = PBXBuildFile; fileRef = EA7B738422E1020700117D2F /* Main.storyboard */; };
		EA7B738822E1020A00117D2F /* Assets.xcassets in Resources */ = {isa = PBXBuildFile; fileRef = EA7B738722E1020A00117D2F /* Assets.xcassets */; };
		EA7B738B22E1020A00117D2F /* LaunchScreen.storyboard in Resources */ = {isa = PBXBuildFile; fileRef = EA7B738922E1020A00117D2F /* LaunchScreen.storyboard */; };
/* End PBXBuildFile section */

/* Begin PBXFileReference section */
		EA7B737B22E1020700117D2F /* CraftsTestProject.app */ = {isa = PBXFileReference; explicitFileType = wrapper.application; includeInIndex = 0; path = CraftsTestProject.app; sourceTree = BUILT_PRODUCTS_DIR; };
		EA7B737E22E1020700117D2F /* AppDelegate.swift */ = {isa = PBXFileReference; lastKnownFileType = sourcecode.swift; path = AppDelegate.swift; sourceTree = "<group>"; };
		EA7B738022E1020700117D2F /* MovieListViewController.swift */ = {isa = PBXFileReference; lastKnownFileType = sourcecode.swift; path = MovieListViewController.swift; sourceTree = "<group>"; };
		EA7B738222E1020700117D2F /* MovieDetailViewController.swift */ = {isa = PBXFileReference; lastKnownFileType = sourcecode.swift; path = MovieDetailViewController.swift; sourceTree = "<group>"; };
		EA7B738522E1020700117D2F /* Base */ = {isa = PBXFileReference; lastKnownFileType = file.storyboard; name = Base; path = Base.lproj/Main.storyboard; sourceTree = "<group>"; };
		EA7B738722E1020A00117D2F /* Assets.xcassets */ = {isa = PBXFileReference; lastKnownFileType = folder.assetcatalog; path = Assets.xcassets; sourceTree = "<group>"; };
		EA7B738A22E1020A00117D2F /* Base */ = {isa = PBXFileReference; lastKnownFileType = file.storyboard; name = Base; path = Base.lproj/LaunchScreen.storyboard; sourceTree = "<group>"; };
		EA7B738C22E1020A00117D2F /* Info.plist */ = {isa = PBXFileReference; lastKnownFileType = text.plist.xml; path = Info.plist; sourceTree = "<group>"; };
/* End PBXFileReference section */

/* Begin PBXFrameworksBuildPhase section */
		EA7B737822E1020700117D2F /* Frameworks */ = {
			isa = PBXFrameworksBuildPhase;
			buildActionMask = 2147483647;
			files = (
			);
			runOnlyForDeploymentPostprocessing = 0;
		};
/* End PBXFrameworksBuildPhase section */

/* Begin PBXGroup section */
		EA55072E22E105E30051C3AF /* ViewControllers */ = {
			isa = PBXGroup;
			children = (
				EA7B738022E1020700117D2F /* MovieListViewController.swift */,
				EA7B738222E1020700117D2F /* MovieDetailViewController.swift */,
			);
			path = ViewControllers;
			sourceTree = "<group>";
		};
		EA55072F22E105EF0051C3AF /* Networking */ = {
			isa = PBXGroup;
			children = (
			);
			path = Networking;
			sourceTree = "<group>";
		};
		EA55073022E1063A0051C3AF /* Resources */ = {
			isa = PBXGroup;
			children = (
				EA7B738722E1020A00117D2F /* Assets.xcassets */,
				EA55073122E106470051C3AF /* Storyboards */,
			);
			path = Resources;
			sourceTree = "<group>";
		};
		EA55073122E106470051C3AF /* Storyboards */ = {
			isa = PBXGroup;
			children = (
				EA7B738422E1020700117D2F /* Main.storyboard */,
				EA7B738922E1020A00117D2F /* LaunchScreen.storyboard */,
			);
			path = Storyboards;
			sourceTree = "<group>";
		};
		EA7B737222E1020700117D2F = {
			isa = PBXGroup;
			children = (
				EA7B737D22E1020700117D2F /* CraftsTestProject */,
				EA7B737C22E1020700117D2F /* Products */,
			);
			sourceTree = "<group>";
		};
		EA7B737C22E1020700117D2F /* Products */ = {
			isa = PBXGroup;
			children = (
				EA7B737B22E1020700117D2F /* CraftsTestProject.app */,
			);
			name = Products;
			sourceTree = "<group>";
		};
		EA7B737D22E1020700117D2F /* CraftsTestProject */ = {
			isa = PBXGroup;
			children = (
				EA55073022E1063A0051C3AF /* Resources */,
				EA55072F22E105EF0051C3AF /* Networking */,
				EA55072E22E105E30051C3AF /* ViewControllers */,
				EA7B737E22E1020700117D2F /* AppDelegate.swift */,
				EA7B738C22E1020A00117D2F /* Info.plist */,
			);
			path = CraftsTestProject;
			sourceTree = "<group>";
		};
/* End PBXGroup section */

/* Begin PBXNativeTarget section */
		EA7B737A22E1020700117D2F /* CraftsTestProject */ = {
			isa = PBXNativeTarget;
			buildConfigurationList = EA7B738F22E1020A00117D2F /* Build configuration list for PBXNativeTarget "CraftsTestProject" */;
			buildPhases = (
				EA7B737722E1020700117D2F /* Sources */,
				EA7B737822E1020700117D2F /* Frameworks */,
				EA7B737922E1020700117D2F /* Resources */,
			);
			buildRules = (
			);
			dependencies = (
			);
			name = CraftsTestProject;
			productName = CraftsTestProject;
			productReference = EA7B737B22E1020700117D2F /* CraftsTestProject.app */;
			productType = "com.apple.product-type.application";
		};
/* End PBXNativeTarget section */

/* Begin PBXProject section */
		EA7B737322E1020700117D2F /* Project object */ = {
			isa = PBXProject;
			attributes = {
				LastSwiftUpdateCheck = 1020;
				LastUpgradeCheck = 1020;
				ORGANIZATIONNAME = RMontilla;
				TargetAttributes = {
					EA7B737A22E1020700117D2F = {
						CreatedOnToolsVersion = 10.2.1;
					};
				};
			};
			buildConfigurationList = EA7B737622E1020700117D2F /* Build configuration list for PBXProject "CraftsTestProject" */;
			compatibilityVersion = "Xcode 9.3";
			developmentRegion = en;
			hasScannedForEncodings = 0;
			knownRegions = (
				en,
				Base,
			);
			mainGroup = EA7B737222E1020700117D2F;
			productRefGroup = EA7B737C22E1020700117D2F /* Products */;
			projectDirPath = "";
			projectRoot = "";
			targets = (
				EA7B737A22E1020700117D2F /* CraftsTestProject */,
			);
		};
/* End PBXProject section */

/* Begin PBXResourcesBuildPhase section */
		EA7B737922E1020700117D2F /* Resources */ = {
			isa = PBXResourcesBuildPhase;
			buildActionMask = 2147483647;
			files = (
				EA7B738B22E1020A00117D2F /* LaunchScreen.storyboard in Resources */,
				EA7B738822E1020A00117D2F /* Assets.xcassets in Resources */,
				EA7B738622E1020700117D2F /* Main.storyboard in Resources */,
			);
			runOnlyForDeploymentPostprocessing = 0;
		};
/* End PBXResourcesBuildPhase section */

/* Begin PBXSourcesBuildPhase section */
		EA7B737722E1020700117D2F /* Sources */ = {
			isa = PBXSourcesBuildPhase;
			buildActionMask = 2147483647;
			files = (
				EA7B738322E1020700117D2F /* MovieDetailViewController.swift in Sources */,
				EA7B738122E1020700117D2F /* MovieListViewController.swift in Sources */,
				EA7B737F22E1020700117D2F /* AppDelegate.swift in Sources */,
			);
			runOnlyForDeploymentPostprocessing = 0;
		};
/* End PBXSourcesBuildPhase section */

/* Begin PBXVariantGroup section */
		EA7B738422E1020700117D2F /* Main.storyboard */ = {
			isa = PBXVariantGroup;
			children = (
				EA7B738522E1020700117D2F /* Base */,
			);
			name = Main.storyboard;
			sourceTree = "<group>";
		};
		EA7B738922E1020A00117D2F /* LaunchScreen.storyboard */ = {
			isa = PBXVariantGroup;
			children = (
				EA7B738A22E1020A00117D2F /* Base */,
			);
			name = LaunchScreen.storyboard;
			sourceTree = "<group>";
		};
/* End PBXVariantGroup section */

/* Begin XCBuildConfiguration section */
		EA7B738D22E1020A00117D2F /* Debug */ = {
			isa = XCBuildConfiguration;
			buildSettings = {
				ALWAYS_SEARCH_USER_PATHS = NO;
				CLANG_ANALYZER_NONNULL = YES;
				CLANG_ANALYZER_NUMBER_OBJECT_CONVERSION = YES_AGGRESSIVE;
				CLANG_CXX_LANGUAGE_STANDARD = "gnu++14";
				CLANG_CXX_LIBRARY = "libc++";
				CLANG_ENABLE_MODULES = YES;
				CLANG_ENABLE_OBJC_ARC = YES;
				CLANG_ENABLE_OBJC_WEAK = YES;
				CLANG_WARN_BLOCK_CAPTURE_AUTORELEASING = YES;
				CLANG_WARN_BOOL_CONVERSION = YES;
				CLANG_WARN_COMMA = YES;
				CLANG_WARN_CONSTANT_CONVERSION = YES;
				CLANG_WARN_DEPRECATED_OBJC_IMPLEMENTATIONS = YES;
				CLANG_WARN_DIRECT_OBJC_ISA_USAGE = YES_ERROR;
				CLANG_WARN_DOCUMENTATION_COMMENTS = YES;
				CLANG_WARN_EMPTY_BODY = YES;
				CLANG_WARN_ENUM_CONVERSION = YES;
				CLANG_WARN_INFINITE_RECURSION = YES;
				CLANG_WARN_INT_CONVERSION = YES;
				CLANG_WARN_NON_LITERAL_NULL_CONVERSION = YES;
				CLANG_WARN_OBJC_IMPLICIT_RETAIN_SELF = YES;
				CLANG_WARN_OBJC_LITERAL_CONVERSION = YES;
				CLANG_WARN_OBJC_ROOT_CLASS = YES_ERROR;
				CLANG_WARN_RANGE_LOOP_ANALYSIS = YES;
				CLANG_WARN_STRICT_PROTOTYPES = YES;
				CLANG_WARN_SUSPICIOUS_MOVE = YES;
				CLANG_WARN_UNGUARDED_AVAILABILITY = YES_AGGRESSIVE;
				CLANG_WARN_UNREACHABLE_CODE = YES;
				CLANG_WARN__DUPLICATE_METHOD_MATCH = YES;
				CODE_SIGN_IDENTITY = "iPhone Developer";
				COPY_PHASE_STRIP = NO;
				DEBUG_INFORMATION_FORMAT = dwarf;
				ENABLE_STRICT_OBJC_MSGSEND = YES;
				ENABLE_TESTABILITY = YES;
				GCC_C_LANGUAGE_STANDARD = gnu11;
				GCC_DYNAMIC_NO_PIC = NO;
				GCC_NO_COMMON_BLOCKS = YES;
				GCC_OPTIMIZATION_LEVEL = 0;
				GCC_PREPROCESSOR_DEFINITIONS = (
					"DEBUG=1",
					"$(inherited)",
				);
				GCC_WARN_64_TO_32_BIT_CONVERSION = YES;
				GCC_WARN_ABOUT_RETURN_TYPE = YES_ERROR;
				GCC_WARN_UNDECLARED_SELECTOR = YES;
				GCC_WARN_UNINITIALIZED_AUTOS = YES_AGGRESSIVE;
				GCC_WARN_UNUSED_FUNCTION = YES;
				GCC_WARN_UNUSED_VARIABLE = YES;
				IPHONEOS_DEPLOYMENT_TARGET = 12.2;
				MTL_ENABLE_DEBUG_INFO = INCLUDE_SOURCE;
				MTL_FAST_MATH = YES;
				ONLY_ACTIVE_ARCH = YES;
				SDKROOT = iphoneos;
				SWIFT_ACTIVE_COMPILATION_CONDITIONS = DEBUG;
				SWIFT_OPTIMIZATION_LEVEL = "-Onone";
			};
			name = Debug;
		};
		EA7B738E22E1020A00117D2F /* Release */ = {
			isa = XCBuildConfiguration;
			buildSettings = {
				ALWAYS_SEARCH_USER_PATHS = NO;
				CLANG_ANALYZER_NONNULL = YES;
				CLANG_ANALYZER_NUMBER_OBJECT_CONVERSION = YES_AGGRESSIVE;
				CLANG_CXX_LANGUAGE_STANDARD = "gnu++14";
				CLANG_CXX_LIBRARY = "libc++";
				CLANG_ENABLE_MODULES = YES;
				CLANG_ENABLE_OBJC_ARC = YES;
				CLANG_ENABLE_OBJC_WEAK = YES;
				CLANG_WARN_BLOCK_CAPTURE_AUTORELEASING = YES;
				CLANG_WARN_BOOL_CONVERSION = YES;
				CLANG_WARN_COMMA = YES;
				CLANG_WARN_CONSTANT_CONVERSION = YES;
				CLANG_WARN_DEPRECATED_OBJC_IMPLEMENTATIONS = YES;
				CLANG_WARN_DIRECT_OBJC_ISA_USAGE = YES_ERROR;
				CLANG_WARN_DOCUMENTATION_COMMENTS = YES;
				CLANG_WARN_EMPTY_BODY = YES;
				CLANG_WARN_ENUM_CONVERSION = YES;
				CLANG_WARN_INFINITE_RECURSION = YES;
				CLANG_WARN_INT_CONVERSION = YES;
				CLANG_WARN_NON_LITERAL_NULL_CONVERSION = YES;
				CLANG_WARN_OBJC_IMPLICIT_RETAIN_SELF = YES;
				CLANG_WARN_OBJC_LITERAL_CONVERSION = YES;
				CLANG_WARN_OBJC_ROOT_CLASS = YES_ERROR;
				CLANG_WARN_RANGE_LOOP_ANALYSIS = YES;
				CLANG_WARN_STRICT_PROTOTYPES = YES;
				CLANG_WARN_SUSPICIOUS_MOVE = YES;
				CLANG_WARN_UNGUARDED_AVAILABILITY = YES_AGGRESSIVE;
				CLANG_WARN_UNREACHABLE_CODE = YES;
				CLANG_WARN__DUPLICATE_METHOD_MATCH = YES;
				CODE_SIGN_IDENTITY = "iPhone Developer";
				COPY_PHASE_STRIP = NO;
				DEBUG_INFORMATION_FORMAT = "dwarf-with-dsym";
				ENABLE_NS_ASSERTIONS = NO;
				ENABLE_STRICT_OBJC_MSGSEND = YES;
				GCC_C_LANGUAGE_STANDARD = gnu11;
				GCC_NO_COMMON_BLOCKS = YES;
				GCC_WARN_64_TO_32_BIT_CONVERSION = YES;
				GCC_WARN_ABOUT_RETURN_TYPE = YES_ERROR;
				GCC_WARN_UNDECLARED_SELECTOR = YES;
				GCC_WARN_UNINITIALIZED_AUTOS = YES_AGGRESSIVE;
				GCC_WARN_UNUSED_FUNCTION = YES;
				GCC_WARN_UNUSED_VARIABLE = YES;
				IPHONEOS_DEPLOYMENT_TARGET = 12.2;
				MTL_ENABLE_DEBUG_INFO = NO;
				MTL_FAST_MATH = YES;
				SDKROOT = iphoneos;
				SWIFT_COMPILATION_MODE = wholemodule;
				SWIFT_OPTIMIZATION_LEVEL = "-O";
				VALIDATE_PRODUCT = YES;
			};
			name = Release;
		};
		EA7B739022E1020A00117D2F /* Debug */ = {
			isa = XCBuildConfiguration;
			buildSettings = {
				ASSETCATALOG_COMPILER_APPICON_NAME = AppIcon;
				CODE_SIGN_STYLE = Automatic;
				DEVELOPMENT_TEAM = HMACVCZJJQ;
				INFOPLIST_FILE = CraftsTestProject/Info.plist;
				LD_RUNPATH_SEARCH_PATHS = (
					"$(inherited)",
					"@executable_path/Frameworks",
				);
				PRODUCT_BUNDLE_IDENTIFIER = com.rmontilla.CraftsTestProject;
				PRODUCT_NAME = "$(TARGET_NAME)";
				SWIFT_VERSION = 5.0;
				TARGETED_DEVICE_FAMILY = "1,2";
			};
			name = Debug;
		};
		EA7B739122E1020A00117D2F /* Release */ = {
			isa = XCBuildConfiguration;
			buildSettings = {
				ASSETCATALOG_COMPILER_APPICON_NAME = AppIcon;
				CODE_SIGN_STYLE = Automatic;
				DEVELOPMENT_TEAM = HMACVCZJJQ;
				INFOPLIST_FILE = CraftsTestProject/Info.plist;
				LD_RUNPATH_SEARCH_PATHS = (
					"$(inherited)",
					"@executable_path/Frameworks",
				);
				PRODUCT_BUNDLE_IDENTIFIER = com.rmontilla.CraftsTestProject;
				PRODUCT_NAME = "$(TARGET_NAME)";
				SWIFT_VERSION = 5.0;
				TARGETED_DEVICE_FAMILY = "1,2";
			};
			name = Release;
		};
/* End XCBuildConfiguration section */

/* Begin XCConfigurationList section */
		EA7B737622E1020700117D2F /* Build configuration list for PBXProject "CraftsTestProject" */ = {
			isa = XCConfigurationList;
			buildConfigurations = (
				EA7B738D22E1020A00117D2F /* Debug */,
				EA7B738E22E1020A00117D2F /* Release */,
			);
			defaultConfigurationIsVisible = 0;
			defaultConfigurationName = Release;
		};
		EA7B738F22E1020A00117D2F /* Build configuration list for PBXNativeTarget "CraftsTestProject" */ = {
			isa = XCConfigurationList;
			buildConfigurations = (
				EA7B739022E1020A00117D2F /* Debug */,
				EA7B739122E1020A00117D2F /* Release */,
			);
			defaultConfigurationIsVisible = 0;
			defaultConfigurationName = Release;
		};
/* End XCConfigurationList section */
	};
	rootObject = EA7B737322E1020700117D2F /* Project object */;
}
